version=v0.12.0
commit=a63e98185b7a005f52e86d0c0febeded3c0aa9bd
aarch64-apple-darwin=7f61e2854730f69ede09df0208915fdd55fc556faa876e47b274adb974344e41
x86_64-apple-darwin=4904c3dab9f32239ae0989a6ad39ce552d56c6c46b7814bcd920c8f08abbf795
aarch64-unknown-linux-gnu=4447bc76984537baab8133d78ade535cf7c5c7e9fcee95b358f01386b99a5d49
x86_64-unknown-linux-gnu=a177074d79cc7357661bcf75d2541c09ec4522054c99d6f8d0a069001b1d7e53
