version=v0.11.0
commit=db711617a95ed67700f42d6652c5a9c271a166e6
aarch64-apple-darwin=d5c50be8f77f7c73c85e9d40606ed8ec135400413fa9d97f0fcce4a7e4827951
x86_64-apple-darwin=267cbe7b9fc28335e95d20fed76e7f74e5de47b5b00f959b0c8e9284401fa048
aarch64-unknown-linux-gnu=64f28facfa573d1e3af18bb1a44d495cba1bcca66ad209590761a3fed07b6247
x86_64-unknown-linux-gnu=b87601f4edde6db8b741756656f5e04810d8bdff3882113a13b3f161189f38b7
